# This file is automatically @generated by Cargo.
# It is not intended for manual editing.
[[package]]
name = "Deque"
version = "0.1.0"
dependencies = [
 "proconio",
]
[[package]]
name = "proconio"
version = "0.4.1"
source = "registry+https://github.com/rust-lang/crates.io-index"
checksum = "fa877a7e416946a5d375574b7f15e42fc0442d76cabe66541646c8ee5a62516f"
dependencies = [
 "lazy_static",
]
